
Microsoft Visual Studio Solution File, Format Version 12.00
# Visual Studio Version 17
VisualStudioVersion = 17.3.32811.315
MinimumVisualStudioVersion = 10.0.40219.1
Project("{FAE04EC0-301F-11D3-BF4B-00C04F79EFBC}") = "SpotifyPublisher", "SpotifyPublisher\SpotifyPublisher.csproj", "{B3E573B7-E022-4D15-98EB-876B21976386}"
EndProject
Global
	GlobalSection(SolutionConfigurationPlatforms) = preSolution
		Debug|Any CPU = Debug|Any CPU
		Release|Any CPU = Release|Any CPU
	EndGlobalSection
	GlobalSection(ProjectConfigurationPlatforms) = postSolution
		{B3E573B7-E022-4D15-98EB-876B21976386}.Debug|Any CPU.ActiveCfg = Debug|Any CPU
		{B3E573B7-E022-4D15-98EB-876B21976386}.Debug|Any CPU.Build.0 = Debug|Any CPU
		{B3E573B7-E022-4D15-98EB-876B21976386}.Release|Any CPU.ActiveCfg = Release|Any CPU
		{B3E573B7-E022-4D15-98EB-876B21976386}.Release|Any CPU.Build.0 = Release|Any CPU
	EndGlobalSection
	GlobalSection(SolutionProperties) = preSolution
		HideSolutionNode = FALSE
	EndGlobalSection
	GlobalSection(ExtensibilityGlobals) = postSolution
		SolutionGuid = {83FB44AC-9DBD-45F8-8470-8505F793E223}
	EndGlobalSection
EndGlobal
